// !$*UTF8*$!
{
	archiveVersion = 1;
	classes = {
	};
	objectVersion = 46;
	objects = {

/* Begin PBXBuildFile section */
		A199119C1C80AF22006E89EB /* main.m in Sources */ = {isa = PBXBuildFile; fileRef = A199119B1C80AF22006E89EB /* main.m */; };
		A199119F1C80AF22006E89EB /* AppDelegate.m in Sources */ = {isa = PBXBuildFile; fileRef = A199119E1C80AF22006E89EB /* AppDelegate.m */; };
		A19911A21C80AF22006E89EB /* ViewController.m in Sources */ = {isa = PBXBuildFile; fileRef = A19911A11C80AF22006E89EB /* ViewController.m */; };
		A19911A51C80AF22006E89EB /* Main.storyboard in Resources */ = {isa = PBXBuildFile; fileRef = A19911A31C80AF22006E89EB /* Main.storyboard */; };
		A19911A71C80AF22006E89EB /* Assets.xcassets in Resources */ = {isa = PBXBuildFile; fileRef = A19911A61C80AF22006E89EB /* Assets.xcassets */; };
		A19911AA1C80AF22006E89EB /* LaunchScreen.storyboard in Resources */ = {isa = PBXBuildFile; fileRef = A19911A81C80AF22006E89EB /* LaunchScreen.storyboard */; };
/* End PBXBuildFile section */

/* Begin PBXFileReference section */
		A19911971C80AF22006E89EB /* News163.app */ = {isa = PBXFileReference; explicitFileType = wrapper.application; includeInIndex = 0; path = News163.app; sourceTree = BUILT_PRODUCTS_DIR; };
		A199119B1C80AF22006E89EB /* main.m */ = {isa = PBXFileReference; lastKnownFileType = sourcecode.c.objc; path = main.m; sourceTree = "<group>"; };
		A199119D1C80AF22006E89EB /* AppDelegate.h */ = {isa = PBXFileReference; lastKnownFileType = sourcecode.c.h; path = AppDelegate.h; sourceTree = "<group>"; };
		A199119E1C80AF22006E89EB /* AppDelegate.m */ = {isa = PBXFileReference; lastKnownFileType = sourcecode.c.objc; path = AppDelegate.m; sourceTree = "<group>"; };
		A19911A01C80AF22006E89EB /* ViewController.h */ = {isa = PBXFileReference; lastKnownFileType = sourcecode.c.h; path = ViewController.h; sourceTree = "<group>"; };
		A19911A11C80AF22006E89EB /* ViewController.m */ = {isa = PBXFileReference; lastKnownFileType = sourcecode.c.objc; path = ViewController.m; sourceTree = "<group>"; };
		A19911A41C80AF22006E89EB /* Base */ = {isa = PBXFileReference; lastKnownFileType = file.storyboard; name = Base; path = Base.lproj/Main.storyboard; sourceTree = "<group>"; };
		A19911A61C80AF22006E89EB /* Assets.xcassets */ = {isa = PBXFileReference; lastKnownFileType = folder.assetcatalog; path = Assets.xcassets; sourceTree = "<group>"; };
		A19911A91C80AF22006E89EB /* Base */ = {isa = PBXFileReference; lastKnownFileType = file.storyboard; name = Base; path = Base.lproj/LaunchScreen.storyboard; sourceTree = "<group>"; };
		A19911AB1C80AF22006E89EB /* Info.plist */ = {isa = PBXFileReference; lastKnownFileType = text.plist.xml; path = Info.plist; sourceTree = "<group>"; };
/* End PBXFileReference section */

/* Begin PBXFrameworksBuildPhase section */
		A19911941C80AF22006E89EB /* Frameworks */ = {
			isa = PBXFrameworksBuildPhase;
			buildActionMask = 2147483647;
			files = (
			);
			runOnlyForDeploymentPostprocessing = 0;
		};
/* End PBXFrameworksBuildPhase section */

/* Begin PBXGroup section */
		A199118E1C80AF22006E89EB = {
			isa = PBXGroup;
			children = (
				A19911991C80AF22006E89EB /* News163 */,
				A19911981C80AF22006E89EB /* Products */,
			);
			sourceTree = "<group>";
		};
		A19911981C80AF22006E89EB /* Products */ = {
			isa = PBXGroup;
			children = (
				A19911971C80AF22006E89EB /* News163.app */,
			);
			name = Products;
			sourceTree = "<group>";
		};
		A19911991C80AF22006E89EB /* News163 */ = {
			isa = PBXGroup;
			children = (
				A199119D1C80AF22006E89EB /* AppDelegate.h */,
				A199119E1C80AF22006E89EB /* AppDelegate.m */,
				A19911A01C80AF22006E89EB /* ViewController.h */,
				A19911A11C80AF22006E89EB /* ViewController.m */,
				A19911A31C80AF22006E89EB /* Main.storyboard */,
				A19911A61C80AF22006E89EB /* Assets.xcassets */,
				A19911A81C80AF22006E89EB /* LaunchScreen.storyboard */,
				A19911AB1C80AF22006E89EB /* Info.plist */,
				A199119A1C80AF22006E89EB /* Supporting Files */,
			);
			path = News163;
			sourceTree = "<group>";
		};
		A199119A1C80AF22006E89EB /* Supporting Files */ = {
			isa = PBXGroup;
			children = (
				A199119B1C80AF22006E89EB /* main.m */,
			);
			name = "Supporting Files";
			sourceTree = "<group>";
		};
/* End PBXGroup section */

/* Begin PBXNativeTarget section */
		A19911961C80AF22006E89EB /* News163 */ = {
			isa = PBXNativeTarget;
			buildConfigurationList = A19911AE1C80AF22006E89EB /* Build configuration list for PBXNativeTarget "News163" */;
			buildPhases = (
				A19911931C80AF22006E89EB /* Sources */,
				A19911941C80AF22006E89EB /* Frameworks */,
				A19911951C80AF22006E89EB /* Resources */,
			);
			buildRules = (
			);
			dependencies = (
			);
			name = News163;
			productName = News163;
			productReference = A19911971C80AF22006E89EB /* News163.app */;
			productType = "com.apple.product-type.application";
		};
/* End PBXNativeTarget section */

/* Begin PBXProject section */
		A199118F1C80AF22006E89EB /* Project object */ = {
			isa = PBXProject;
			attributes = {
				LastUpgradeCheck = 0720;
				ORGANIZATIONNAME = itcast;
				TargetAttributes = {
					A19911961C80AF22006E89EB = {
						CreatedOnToolsVersion = 7.2.1;
					};
				};
			};
			buildConfigurationList = A19911921C80AF22006E89EB /* Build configuration list for PBXProject "News163" */;
			compatibilityVersion = "Xcode 3.2";
			developmentRegion = English;
			hasScannedForEncodings = 0;
			knownRegions = (
				en,
				Base,
			);
			mainGroup = A199118E1C80AF22006E89EB;
			productRefGroup = A19911981C80AF22006E89EB /* Products */;
			projectDirPath = "";
			projectRoot = "";
			targets = (
				A19911961C80AF22006E89EB /* News163 */,
			);
		};
/* End PBXProject section */

/* Begin PBXResourcesBuildPhase section */
		A19911951C80AF22006E89EB /* Resources */ = {
			isa = PBXResourcesBuildPhase;
			buildActionMask = 2147483647;
			files = (
				A19911AA1C80AF22006E89EB /* LaunchScreen.storyboard in Resources */,
				A19911A71C80AF22006E89EB /* Assets.xcassets in Resources */,
				A19911A51C80AF22006E89EB /* Main.storyboard in Resources */,
			);
			runOnlyForDeploymentPostprocessing = 0;
		};
/* End PBXResourcesBuildPhase section */

/* Begin PBXSourcesBuildPhase section */
		A19911931C80AF22006E89EB /* Sources */ = {
			isa = PBXSourcesBuildPhase;
			buildActionMask = 2147483647;
			files = (
				A19911A21C80AF22006E89EB /* ViewController.m in Sources */,
				A199119F1C80AF22006E89EB /* AppDelegate.m in Sources */,
				A199119C1C80AF22006E89EB /* main.m in Sources */,
			);
			runOnlyForDeploymentPostprocessing = 0;
		};
/* End PBXSourcesBuildPhase section */

/* Begin PBXVariantGroup section */
		A19911A31C80AF22006E89EB /* Main.storyboard */ = {
			isa = PBXVariantGroup;
			children = (
				A19911A41C80AF22006E89EB /* Base */,
			);
			name = Main.storyboard;
			sourceTree = "<group>";
		};
		A19911A81C80AF22006E89EB /* LaunchScreen.storyboard */ = {
			isa = PBXVariantGroup;
			children = (
				A19911A91C80AF22006E89EB /* Base */,
			);
			name = LaunchScreen.storyboard;
			sourceTree = "<group>";
		};
/* End PBXVariantGroup section */

/* Begin XCBuildConfiguration section */
		A19911AC1C80AF22006E89EB /* Debug */ = {
			isa = XCBuildConfiguration;
			buildSettings = {
				ALWAYS_SEARCH_USER_PATHS = NO;
				CLANG_CXX_LANGUAGE_STANDARD = "gnu++0x";
				CLANG_CXX_LIBRARY = "libc++";
				CLANG_ENABLE_MODULES = YES;
				CLANG_ENABLE_OBJC_ARC = YES;
				CLANG_WARN_BOOL_CONVERSION = YES;
				CLANG_WARN_CONSTANT_CONVERSION = YES;
				CLANG_WARN_DIRECT_OBJC_ISA_USAGE = YES_ERROR;
				CLANG_WARN_EMPTY_BODY = YES;
				CLANG_WARN_ENUM_CONVERSION = YES;
				CLANG_WARN_INT_CONVERSION = YES;
				CLANG_WARN_OBJC_ROOT_CLASS = YES_ERROR;
				CLANG_WARN_UNREACHABLE_CODE = YES;
				CLANG_WARN__DUPLICATE_METHOD_MATCH = YES;
				"CODE_SIGN_IDENTITY[sdk=iphoneos*]" = "iPhone Developer";
				COPY_PHASE_STRIP = NO;
				DEBUG_INFORMATION_FORMAT = dwarf;
				ENABLE_STRICT_OBJC_MSGSEND = YES;
				ENABLE_TESTABILITY = YES;
				GCC_C_LANGUAGE_STANDARD = gnu99;
				GCC_DYNAMIC_NO_PIC = NO;
				GCC_NO_COMMON_BLOCKS = YES;
				GCC_OPTIMIZATION_LEVEL = 0;
				GCC_PREPROCESSOR_DEFINITIONS = (
					"DEBUG=1",
					"$(inherited)",
				);
				GCC_WARN_64_TO_32_BIT_CONVERSION = YES;
				GCC_WARN_ABOUT_RETURN_TYPE = YES_ERROR;
				GCC_WARN_UNDECLARED_SELECTOR = YES;
				GCC_WARN_UNINITIALIZED_AUTOS = YES_AGGRESSIVE;
				GCC_WARN_UNUSED_FUNCTION = YES;
				GCC_WARN_UNUSED_VARIABLE = YES;
				IPHONEOS_DEPLOYMENT_TARGET = 9.2;
				MTL_ENABLE_DEBUG_INFO = YES;
				ONLY_ACTIVE_ARCH = YES;
				SDKROOT = iphoneos;
			};
			name = Debug;
		};
		A19911AD1C80AF22006E89EB /* Release */ = {
			isa = XCBuildConfiguration;
			buildSettings = {
				ALWAYS_SEARCH_USER_PATHS = NO;
				CLANG_CXX_LANGUAGE_STANDARD = "gnu++0x";
				CLANG_CXX_LIBRARY = "libc++";
				CLANG_ENABLE_MODULES = YES;
				CLANG_ENABLE_OBJC_ARC = YES;
				CLANG_WARN_BOOL_CONVERSION = YES;
				CLANG_WARN_CONSTANT_CONVERSION = YES;
				CLANG_WARN_DIRECT_OBJC_ISA_USAGE = YES_ERROR;
				CLANG_WARN_EMPTY_BODY = YES;
				CLANG_WARN_ENUM_CONVERSION = YES;
				CLANG_WARN_INT_CONVERSION = YES;
				CLANG_WARN_OBJC_ROOT_CLASS = YES_ERROR;
				CLANG_WARN_UNREACHABLE_CODE = YES;
				CLANG_WARN__DUPLICATE_METHOD_MATCH = YES;
				"CODE_SIGN_IDENTITY[sdk=iphoneos*]" = "iPhone Developer";
				COPY_PHASE_STRIP = NO;
				DEBUG_INFORMATION_FORMAT = "dwarf-with-dsym";
				ENABLE_NS_ASSERTIONS = NO;
				ENABLE_STRICT_OBJC_MSGSEND = YES;
				GCC_C_LANGUAGE_STANDARD = gnu99;
				GCC_NO_COMMON_BLOCKS = YES;
				GCC_WARN_64_TO_32_BIT_CONVERSION = YES;
				GCC_WARN_ABOUT_RETURN_TYPE = YES_ERROR;
				GCC_WARN_UNDECLARED_SELECTOR = YES;
				GCC_WARN_UNINITIALIZED_AUTOS = YES_AGGRESSIVE;
				GCC_WARN_UNUSED_FUNCTION = YES;
				GCC_WARN_UNUSED_VARIABLE = YES;
				IPHONEOS_DEPLOYMENT_TARGET = 9.2;
				MTL_ENABLE_DEBUG_INFO = NO;
				SDKROOT = iphoneos;
				VALIDATE_PRODUCT = YES;
			};
			name = Release;
		};
		A19911AF1C80AF22006E89EB /* Debug */ = {
			isa = XCBuildConfiguration;
			buildSettings = {
				ASSETCATALOG_COMPILER_APPICON_NAME = AppIcon;
				INFOPLIST_FILE = News163/Info.plist;
				LD_RUNPATH_SEARCH_PATHS = "$(inherited) @executable_path/Frameworks";
				PRODUCT_BUNDLE_IDENTIFIER = cn.itcast.News163;
				PRODUCT_NAME = "$(TARGET_NAME)";
			};
			name = Debug;
		};
		A19911B01C80AF22006E89EB /* Release */ = {
			isa = XCBuildConfiguration;
			buildSettings = {
				ASSETCATALOG_COMPILER_APPICON_NAME = AppIcon;
				INFOPLIST_FILE = News163/Info.plist;
				LD_RUNPATH_SEARCH_PATHS = "$(inherited) @executable_path/Frameworks";
				PRODUCT_BUNDLE_IDENTIFIER = cn.itcast.News163;
				PRODUCT_NAME = "$(TARGET_NAME)";
			};
			name = Release;
		};
/* End XCBuildConfiguration section */

/* Begin XCConfigurationList section */
		A19911921C80AF22006E89EB /* Build configuration list for PBXProject "News163" */ = {
			isa = XCConfigurationList;
			buildConfigurations = (
				A19911AC1C80AF22006E89EB /* Debug */,
				A19911AD1C80AF22006E89EB /* Release */,
			);
			defaultConfigurationIsVisible = 0;
			defaultConfigurationName = Release;
		};
		A19911AE1C80AF22006E89EB /* Build configuration list for PBXNativeTarget "News163" */ = {
			isa = XCConfigurationList;
			buildConfigurations = (
				A19911AF1C80AF22006E89EB /* Debug */,
				A19911B01C80AF22006E89EB /* Release */,
			);
			defaultConfigurationIsVisible = 0;
		};
/* End XCConfigurationList section */
	};
	rootObject = A199118F1C80AF22006E89EB /* Project object */;
}
